
Microsoft Visual Studio Solution File, Format Version 12.00
Project("{2150E333-8FDC-42A3-9474-1A3956D46DE8}") = "src", "src", "{1CE75F7B-31A8-4A99-9D06-26D9C6993435}"
EndProject
Project("{2150E333-8FDC-42A3-9474-1A3956D46DE8}") = "tests", "tests", "{6BFE5DF9-9925-48E2-8A1C-8CD97C52ADEE}"
EndProject
Project("{2150E333-8FDC-42A3-9474-1A3956D46DE8}") = "samples", "samples", "{9D73BC5D-98BB-4B57-8771-F8944677BB77}"
EndProject
Project("{FAE04EC0-301F-11D3-BF4B-00C04F79EFBC}") = "PokerWinnerEvaluator.CLI", "src\PokerWinnerEvaluator.CLI\PokerWinnerEvaluator.CLI.csproj", "{8BC1B040-9B12-482F-BA7A-345FF56678E2}"
EndProject
Project("{FAE04EC0-301F-11D3-BF4B-00C04F79EFBC}") = "PokerWinnerEvaluator.Spectre.UI", "samples\PokerWinnerEvaluator.Spectre.UI\PokerWinnerEvaluator.Spectre.UI.csproj", "{680591B7-DE92-46D7-B31B-7C9E9D00E75E}"
EndProject
Project("{FAE04EC0-301F-11D3-BF4B-00C04F79EFBC}") = "PokerWinnerEvaluator.Tests", "tests\PokerWinnerEvaluator.Tests\PokerWinnerEvaluator.Tests.csproj", "{94CED3B3-3471-4E6B-8DB6-0C0D683A4F39}"
EndProject
Global
	GlobalSection(SolutionConfigurationPlatforms) = preSolution
		Debug|Any CPU = Debug|Any CPU
		Release|Any CPU = Release|Any CPU
	EndGlobalSection
	GlobalSection(ProjectConfigurationPlatforms) = postSolution
		{8BC1B040-9B12-482F-BA7A-345FF56678E2}.Debug|Any CPU.ActiveCfg = Debug|Any CPU
		{8BC1B040-9B12-482F-BA7A-345FF56678E2}.Debug|Any CPU.Build.0 = Debug|Any CPU
		{8BC1B040-9B12-482F-BA7A-345FF56678E2}.Release|Any CPU.ActiveCfg = Release|Any CPU
		{8BC1B040-9B12-482F-BA7A-345FF56678E2}.Release|Any CPU.Build.0 = Release|Any CPU
		{680591B7-DE92-46D7-B31B-7C9E9D00E75E}.Debug|Any CPU.ActiveCfg = Debug|Any CPU
		{680591B7-DE92-46D7-B31B-7C9E9D00E75E}.Debug|Any CPU.Build.0 = Debug|Any CPU
		{680591B7-DE92-46D7-B31B-7C9E9D00E75E}.Release|Any CPU.ActiveCfg = Release|Any CPU
		{680591B7-DE92-46D7-B31B-7C9E9D00E75E}.Release|Any CPU.Build.0 = Release|Any CPU
		{94CED3B3-3471-4E6B-8DB6-0C0D683A4F39}.Debug|Any CPU.ActiveCfg = Debug|Any CPU
		{94CED3B3-3471-4E6B-8DB6-0C0D683A4F39}.Debug|Any CPU.Build.0 = Debug|Any CPU
		{94CED3B3-3471-4E6B-8DB6-0C0D683A4F39}.Release|Any CPU.ActiveCfg = Release|Any CPU
		{94CED3B3-3471-4E6B-8DB6-0C0D683A4F39}.Release|Any CPU.Build.0 = Release|Any CPU
	EndGlobalSection
	GlobalSection(NestedProjects) = preSolution
		{8BC1B040-9B12-482F-BA7A-345FF56678E2} = {1CE75F7B-31A8-4A99-9D06-26D9C6993435}
		{680591B7-DE92-46D7-B31B-7C9E9D00E75E} = {9D73BC5D-98BB-4B57-8771-F8944677BB77}
		{94CED3B3-3471-4E6B-8DB6-0C0D683A4F39} = {6BFE5DF9-9925-48E2-8A1C-8CD97C52ADEE}
	EndGlobalSection
EndGlobal
